
Microsoft Visual Studio Solution File, Format Version 12.00
# Visual Studio Version 17
VisualStudioVersion = 17.2.32516.85
MinimumVisualStudioVersion = 10.0.40219.1
Project("{FAE04EC0-301F-11D3-BF4B-00C04F79EFBC}") = "NswagSandbox", "NswagSandbox.csproj", "{E06F350B-5DA1-410F-B3EE-73AB15901F98}"
EndProject
Project("{FAE04EC0-301F-11D3-BF4B-00C04F79EFBC}") = "AcceptanceTest", "..\AcceptanceTest\AcceptanceTest.csproj", "{0ED1FC74-7BCC-4D94-A67C-4EB764C6D964}"
EndProject
Global
	GlobalSection(SolutionConfigurationPlatforms) = preSolution
		Debug|Any CPU = Debug|Any CPU
		Release|Any CPU = Release|Any CPU
	EndGlobalSection
	GlobalSection(ProjectConfigurationPlatforms) = postSolution
		{E06F350B-5DA1-410F-B3EE-73AB15901F98}.Debug|Any CPU.ActiveCfg = Debug|Any CPU
		{E06F350B-5DA1-410F-B3EE-73AB15901F98}.Debug|Any CPU.Build.0 = Debug|Any CPU
		{E06F350B-5DA1-410F-B3EE-73AB15901F98}.Release|Any CPU.ActiveCfg = Release|Any CPU
		{E06F350B-5DA1-410F-B3EE-73AB15901F98}.Release|Any CPU.Build.0 = Release|Any CPU
		{0ED1FC74-7BCC-4D94-A67C-4EB764C6D964}.Debug|Any CPU.ActiveCfg = Debug|Any CPU
		{0ED1FC74-7BCC-4D94-A67C-4EB764C6D964}.Debug|Any CPU.Build.0 = Debug|Any CPU
		{0ED1FC74-7BCC-4D94-A67C-4EB764C6D964}.Release|Any CPU.ActiveCfg = Release|Any CPU
		{0ED1FC74-7BCC-4D94-A67C-4EB764C6D964}.Release|Any CPU.Build.0 = Release|Any CPU
	EndGlobalSection
	GlobalSection(SolutionProperties) = preSolution
		HideSolutionNode = FALSE
	EndGlobalSection
	GlobalSection(ExtensibilityGlobals) = postSolution
		SolutionGuid = {38859CB0-5732-41CB-9431-DA09CC5110CA}
	EndGlobalSection
EndGlobal
